
Microsoft Visual Studio Solution File, Format Version 12.00
# Visual Studio Version 17
VisualStudioVersion = 17.0.32112.339
MinimumVisualStudioVersion = 10.0.40219.1
Project("{9A19103F-16F7-4668-BE54-9A1E7A4F7556}") = "AMS.WEBUI", "AMS.WEBUI\AMS.WEBUI.csproj", "{1B5229AB-54AB-4B4B-BCFE-56447CFBD45D}"
EndProject
Project("{9A19103F-16F7-4668-BE54-9A1E7A4F7556}") = "AMS.DAL", "AMS.DAL\AMS.DAL.csproj", "{64107237-CBF3-4626-A9F8-F1E5D5E0EACD}"
EndProject
Project("{9A19103F-16F7-4668-BE54-9A1E7A4F7556}") = "AMS.BLL", "AMS.BLL\AMS.BLL.csproj", "{3FE4A687-69E7-4705-AEA4-A150AC0C3EDC}"
EndProject
Project("{9A19103F-16F7-4668-BE54-9A1E7A4F7556}") = "AMS.Model", "AMS.Model\AMS.Model.csproj", "{2F9558D2-75B9-4E45-ADBF-8F3FDF05058B}"
EndProject
Global
	GlobalSection(SolutionConfigurationPlatforms) = preSolution
		Debug|Any CPU = Debug|Any CPU
		Release|Any CPU = Release|Any CPU
	EndGlobalSection
	GlobalSection(ProjectConfigurationPlatforms) = postSolution
		{1B5229AB-54AB-4B4B-BCFE-56447CFBD45D}.Debug|Any CPU.ActiveCfg = Debug|Any CPU
		{1B5229AB-54AB-4B4B-BCFE-56447CFBD45D}.Debug|Any CPU.Build.0 = Debug|Any CPU
		{1B5229AB-54AB-4B4B-BCFE-56447CFBD45D}.Release|Any CPU.ActiveCfg = Release|Any CPU
		{1B5229AB-54AB-4B4B-BCFE-56447CFBD45D}.Release|Any CPU.Build.0 = Release|Any CPU
		{64107237-CBF3-4626-A9F8-F1E5D5E0EACD}.Debug|Any CPU.ActiveCfg = Debug|Any CPU
		{64107237-CBF3-4626-A9F8-F1E5D5E0EACD}.Debug|Any CPU.Build.0 = Debug|Any CPU
		{64107237-CBF3-4626-A9F8-F1E5D5E0EACD}.Release|Any CPU.ActiveCfg = Release|Any CPU
		{64107237-CBF3-4626-A9F8-F1E5D5E0EACD}.Release|Any CPU.Build.0 = Release|Any CPU
		{3FE4A687-69E7-4705-AEA4-A150AC0C3EDC}.Debug|Any CPU.ActiveCfg = Debug|Any CPU
		{3FE4A687-69E7-4705-AEA4-A150AC0C3EDC}.Debug|Any CPU.Build.0 = Debug|Any CPU
		{3FE4A687-69E7-4705-AEA4-A150AC0C3EDC}.Release|Any CPU.ActiveCfg = Release|Any CPU
		{3FE4A687-69E7-4705-AEA4-A150AC0C3EDC}.Release|Any CPU.Build.0 = Release|Any CPU
		{2F9558D2-75B9-4E45-ADBF-8F3FDF05058B}.Debug|Any CPU.ActiveCfg = Debug|Any CPU
		{2F9558D2-75B9-4E45-ADBF-8F3FDF05058B}.Debug|Any CPU.Build.0 = Debug|Any CPU
		{2F9558D2-75B9-4E45-ADBF-8F3FDF05058B}.Release|Any CPU.ActiveCfg = Release|Any CPU
		{2F9558D2-75B9-4E45-ADBF-8F3FDF05058B}.Release|Any CPU.Build.0 = Release|Any CPU
	EndGlobalSection
	GlobalSection(SolutionProperties) = preSolution
		HideSolutionNode = FALSE
	EndGlobalSection
	GlobalSection(ExtensibilityGlobals) = postSolution
		SolutionGuid = {C7C7C27C-9211-4698-B885-D13C01516571}
	EndGlobalSection
EndGlobal
